
Microsoft Visual Studio Solution File, Format Version 12.00
# Visual Studio 15
VisualStudioVersion = 15.0.27703.2026
MinimumVisualStudioVersion = 10.0.40219.1
Project("{9A19103F-16F7-4668-BE54-9A1E7A4F7556}") = "dndChar", "src\dndChar\dndChar.csproj", "{FC91D9FD-0439-4B6C-8C53-8DCD5F672496}"
EndProject
Project("{2150E333-8FDC-42A3-9474-1A3956D46DE8}") = "src", "src", "{E26682F2-14B0-447D-B491-49DF1CC0E293}"
EndProject
Project("{2150E333-8FDC-42A3-9474-1A3956D46DE8}") = "test", "test", "{97F3E63F-7877-4631-B745-3F24A8B8F97B}"
EndProject
Project("{9A19103F-16F7-4668-BE54-9A1E7A4F7556}") = "dndChar.Database", "src\dndChar.Database\dndChar.Database.csproj", "{3F9329F5-E48A-47F8-9B7B-B17B1927EF5A}"
EndProject
Project("{9A19103F-16F7-4668-BE54-9A1E7A4F7556}") = "dndChar.mvc", "dndChar.mvc\dndChar.mvc.csproj", "{48290152-997C-4C41-9514-E9119440A265}"
EndProject
Global
	GlobalSection(SolutionConfigurationPlatforms) = preSolution
		Debug|Any CPU = Debug|Any CPU
		Release|Any CPU = Release|Any CPU
	EndGlobalSection
	GlobalSection(ProjectConfigurationPlatforms) = postSolution
		{FC91D9FD-0439-4B6C-8C53-8DCD5F672496}.Debug|Any CPU.ActiveCfg = Debug|Any CPU
		{FC91D9FD-0439-4B6C-8C53-8DCD5F672496}.Debug|Any CPU.Build.0 = Debug|Any CPU
		{FC91D9FD-0439-4B6C-8C53-8DCD5F672496}.Release|Any CPU.ActiveCfg = Release|Any CPU
		{FC91D9FD-0439-4B6C-8C53-8DCD5F672496}.Release|Any CPU.Build.0 = Release|Any CPU
		{3F9329F5-E48A-47F8-9B7B-B17B1927EF5A}.Debug|Any CPU.ActiveCfg = Debug|Any CPU
		{3F9329F5-E48A-47F8-9B7B-B17B1927EF5A}.Debug|Any CPU.Build.0 = Debug|Any CPU
		{3F9329F5-E48A-47F8-9B7B-B17B1927EF5A}.Release|Any CPU.ActiveCfg = Release|Any CPU
		{3F9329F5-E48A-47F8-9B7B-B17B1927EF5A}.Release|Any CPU.Build.0 = Release|Any CPU
		{48290152-997C-4C41-9514-E9119440A265}.Debug|Any CPU.ActiveCfg = Debug|Any CPU
		{48290152-997C-4C41-9514-E9119440A265}.Debug|Any CPU.Build.0 = Debug|Any CPU
		{48290152-997C-4C41-9514-E9119440A265}.Release|Any CPU.ActiveCfg = Release|Any CPU
		{48290152-997C-4C41-9514-E9119440A265}.Release|Any CPU.Build.0 = Release|Any CPU
	EndGlobalSection
	GlobalSection(SolutionProperties) = preSolution
		HideSolutionNode = FALSE
	EndGlobalSection
	GlobalSection(NestedProjects) = preSolution
		{FC91D9FD-0439-4B6C-8C53-8DCD5F672496} = {E26682F2-14B0-447D-B491-49DF1CC0E293}
		{3F9329F5-E48A-47F8-9B7B-B17B1927EF5A} = {E26682F2-14B0-447D-B491-49DF1CC0E293}
		{48290152-997C-4C41-9514-E9119440A265} = {E26682F2-14B0-447D-B491-49DF1CC0E293}
	EndGlobalSection
	GlobalSection(ExtensibilityGlobals) = postSolution
		SolutionGuid = {0EEF5418-9118-451F-96DB-EBEE47649CAB}
	EndGlobalSection
EndGlobal
